// !$*UTF8*$!
{
	archiveVersion = 1;
	classes = {
	};
	objectVersion = 45;
	objects = {

/* Begin PBXBuildFile section */
		1DDD58160DA1D0A300B32029 /* MainMenu.xib in Resources */ = {isa = PBXBuildFile; fileRef = 1DDD58140DA1D0A300B32029 /* MainMenu.xib */; };
		8D11072B0486CEB800E47090 /* InfoPlist.strings in Resources */ = {isa = PBXBuildFile; fileRef = 089C165CFE840E0CC02AAC07 /* InfoPlist.strings */; };
		8D11072D0486CEB800E47090 /* main.m in Sources */ = {isa = PBXBuildFile; fileRef = 29B97316FDCFA39411CA2CEA /* main.m */; settings = {ATTRIBUTES = (); }; };
		8D11072F0486CEB800E47090 /* Cocoa.framework in Frameworks */ = {isa = PBXBuildFile; fileRef = 1058C7A1FEA54F0111CA2CBB /* Cocoa.framework */; };
		F5768F93102CF0ED002D2359 /* AFCInterface.m in Sources */ = {isa = PBXBuildFile; fileRef = F5768F8C102CF0ED002D2359 /* AFCInterface.m */; };
		F5768F94102CF0ED002D2359 /* AFCDevice.m in Sources */ = {isa = PBXBuildFile; fileRef = F5768F8E102CF0ED002D2359 /* AFCDevice.m */; };
		F5768F95102CF0ED002D2359 /* AFCDeviceRef.m in Sources */ = {isa = PBXBuildFile; fileRef = F5768F90102CF0ED002D2359 /* AFCDeviceRef.m */; };
		F5768F96102CF0ED002D2359 /* AFCFactory.m in Sources */ = {isa = PBXBuildFile; fileRef = F5768F92102CF0ED002D2359 /* AFCFactory.m */; };
		F5768F9B102CF13C002D2359 /* MobileDevice.framework in Frameworks */ = {isa = PBXBuildFile; fileRef = F5768F9A102CF13C002D2359 /* MobileDevice.framework */; };
		F5768FF8102D0C66002D2359 /* iPhoneApp.m in Sources */ = {isa = PBXBuildFile; fileRef = F5768FF7102D0C66002D2359 /* iPhoneApp.m */; };
		F5769001102D0CA4002D2359 /* Quartz.framework in Frameworks */ = {isa = PBXBuildFile; fileRef = F5769000102D0CA4002D2359 /* Quartz.framework */; };
		F5769066102D17F6002D2359 /* iPhoneController.m in Sources */ = {isa = PBXBuildFile; fileRef = F5769065102D17F6002D2359 /* iPhoneController.m */; };
		F57690B9102D20F5002D2359 /* OfficialAppDisplayNames.plist in Resources */ = {isa = PBXBuildFile; fileRef = F57690B8102D20F5002D2359 /* OfficialAppDisplayNames.plist */; };
		F57690D3102D23E2002D2359 /* PossibleIconFileKeys.plist in Resources */ = {isa = PBXBuildFile; fileRef = F57690D2102D23E2002D2359 /* PossibleIconFileKeys.plist */; };
		F57690D6102D2446002D2359 /* PossibleAppDisplayNameKeys.plist in Resources */ = {isa = PBXBuildFile; fileRef = F57690D5102D2446002D2359 /* PossibleAppDisplayNameKeys.plist */; };
		F576911D102D3264002D2359 /* Disconnected.tif in Resources */ = {isa = PBXBuildFile; fileRef = F576911C102D3264002D2359 /* Disconnected.tif */; };
		F57691EF102D4184002D2359 /* AppScreenController.m in Sources */ = {isa = PBXBuildFile; fileRef = F57691EE102D4184002D2359 /* AppScreenController.m */; };
		F57691F4102D429F002D2359 /* AppController.m in Sources */ = {isa = PBXBuildFile; fileRef = F57691F3102D429F002D2359 /* AppController.m */; };
		F5D339E21032680A00B01750 /* flipchannels.m in Sources */ = {isa = PBXBuildFile; fileRef = F5D339DF1032680A00B01750 /* flipchannels.m */; };
		F5D339E31032680A00B01750 /* PNG Fixer.m in Sources */ = {isa = PBXBuildFile; fileRef = F5D339E11032680A00B01750 /* PNG Fixer.m */; };
		F5D339EC1032682C00B01750 /* libz.dylib in Frameworks */ = {isa = PBXBuildFile; fileRef = F5D339EB1032682C00B01750 /* libz.dylib */; };
		F5D339EE1032683B00B01750 /* libpng12.a in Frameworks */ = {isa = PBXBuildFile; fileRef = F5D339ED1032683B00B01750 /* libpng12.a */; };
		F5D33AD81032780600B01750 /* sad_mac.gif in Resources */ = {isa = PBXBuildFile; fileRef = F5D33AD71032780600B01750 /* sad_mac.gif */; };
/* End PBXBuildFile section */

/* Begin PBXFileReference section */
		089C165DFE840E0CC02AAC07 /* English */ = {isa = PBXFileReference; fileEncoding = 10; lastKnownFileType = text.plist.strings; name = English; path = English.lproj/InfoPlist.strings; sourceTree = "<group>"; };
		1058C7A1FEA54F0111CA2CBB /* Cocoa.framework */ = {isa = PBXFileReference; lastKnownFileType = wrapper.framework; name = Cocoa.framework; path = /System/Library/Frameworks/Cocoa.framework; sourceTree = "<absolute>"; };
		13E42FB307B3F0F600E4EEF1 /* CoreData.framework */ = {isa = PBXFileReference; lastKnownFileType = wrapper.framework; name = CoreData.framework; path = /System/Library/Frameworks/CoreData.framework; sourceTree = "<absolute>"; };
		1DDD58150DA1D0A300B32029 /* English */ = {isa = PBXFileReference; lastKnownFileType = file.xib; name = English; path = English.lproj/MainMenu.xib; sourceTree = "<group>"; };
		29B97316FDCFA39411CA2CEA /* main.m */ = {isa = PBXFileReference; fileEncoding = 4; lastKnownFileType = sourcecode.c.objc; path = main.m; sourceTree = "<group>"; };
		29B97324FDCFA39411CA2CEA /* AppKit.framework */ = {isa = PBXFileReference; lastKnownFileType = wrapper.framework; name = AppKit.framework; path = /System/Library/Frameworks/AppKit.framework; sourceTree = "<absolute>"; };
		29B97325FDCFA39411CA2CEA /* Foundation.framework */ = {isa = PBXFileReference; lastKnownFileType = wrapper.framework; name = Foundation.framework; path = /System/Library/Frameworks/Foundation.framework; sourceTree = "<absolute>"; };
		32CA4F630368D1EE00C91783 /* iPhone App Organizer_Prefix.pch */ = {isa = PBXFileReference; fileEncoding = 4; lastKnownFileType = sourcecode.c.h; path = "iPhone App Organizer_Prefix.pch"; sourceTree = "<group>"; };
		8D1107310486CEB800E47090 /* Info.plist */ = {isa = PBXFileReference; fileEncoding = 4; lastKnownFileType = text.plist.xml; path = Info.plist; sourceTree = "<group>"; };
		8D1107320486CEB800E47090 /* Axiomatic.app */ = {isa = PBXFileReference; explicitFileType = wrapper.application; includeInIndex = 0; path = Axiomatic.app; sourceTree = BUILT_PRODUCTS_DIR; };
		F5768F8A102CF0ED002D2359 /* MobileDevice.h */ = {isa = PBXFileReference; fileEncoding = 4; lastKnownFileType = sourcecode.c.h; path = MobileDevice.h; sourceTree = "<group>"; };
		F5768F8B102CF0ED002D2359 /* AFCInterface.h */ = {isa = PBXFileReference; fileEncoding = 4; lastKnownFileType = sourcecode.c.h; path = AFCInterface.h; sourceTree = "<group>"; };
		F5768F8C102CF0ED002D2359 /* AFCInterface.m */ = {isa = PBXFileReference; fileEncoding = 4; lastKnownFileType = sourcecode.c.objc; path = AFCInterface.m; sourceTree = "<group>"; };
		F5768F8D102CF0ED002D2359 /* AFCDevice.h */ = {isa = PBXFileReference; fileEncoding = 4; lastKnownFileType = sourcecode.c.h; path = AFCDevice.h; sourceTree = "<group>"; };
		F5768F8E102CF0ED002D2359 /* AFCDevice.m */ = {isa = PBXFileReference; fileEncoding = 4; lastKnownFileType = sourcecode.c.objc; path = AFCDevice.m; sourceTree = "<group>"; };
		F5768F8F102CF0ED002D2359 /* AFCDeviceRef.h */ = {isa = PBXFileReference; fileEncoding = 4; lastKnownFileType = sourcecode.c.h; path = AFCDeviceRef.h; sourceTree = "<group>"; };
		F5768F90102CF0ED002D2359 /* AFCDeviceRef.m */ = {isa = PBXFileReference; fileEncoding = 4; lastKnownFileType = sourcecode.c.objc; path = AFCDeviceRef.m; sourceTree = "<group>"; };
		F5768F91102CF0ED002D2359 /* AFCFactory.h */ = {isa = PBXFileReference; fileEncoding = 4; lastKnownFileType = sourcecode.c.h; path = AFCFactory.h; sourceTree = "<group>"; };
		F5768F92102CF0ED002D2359 /* AFCFactory.m */ = {isa = PBXFileReference; fileEncoding = 4; lastKnownFileType = sourcecode.c.objc; path = AFCFactory.m; sourceTree = "<group>"; };
		F5768F9A102CF13C002D2359 /* MobileDevice.framework */ = {isa = PBXFileReference; lastKnownFileType = wrapper.framework; name = MobileDevice.framework; path = /System/Library/PrivateFrameworks/MobileDevice.framework; sourceTree = "<absolute>"; };
		F5768FF6102D0C66002D2359 /* iPhoneApp.h */ = {isa = PBXFileReference; fileEncoding = 4; lastKnownFileType = sourcecode.c.h; path = iPhoneApp.h; sourceTree = "<group>"; };
		F5768FF7102D0C66002D2359 /* iPhoneApp.m */ = {isa = PBXFileReference; fileEncoding = 4; lastKnownFileType = sourcecode.c.objc; path = iPhoneApp.m; sourceTree = "<group>"; };
		F5769000102D0CA4002D2359 /* Quartz.framework */ = {isa = PBXFileReference; lastKnownFileType = wrapper.framework; name = Quartz.framework; path = /System/Library/Frameworks/Quartz.framework; sourceTree = "<absolute>"; };
		F5769064102D17F6002D2359 /* iPhoneController.h */ = {isa = PBXFileReference; fileEncoding = 4; lastKnownFileType = sourcecode.c.h; path = iPhoneController.h; sourceTree = "<group>"; };
		F5769065102D17F6002D2359 /* iPhoneController.m */ = {isa = PBXFileReference; fileEncoding = 4; lastKnownFileType = sourcecode.c.objc; path = iPhoneController.m; sourceTree = "<group>"; };
		F57690B8102D20F5002D2359 /* OfficialAppDisplayNames.plist */ = {isa = PBXFileReference; fileEncoding = 4; lastKnownFileType = text.plist.xml; path = OfficialAppDisplayNames.plist; sourceTree = "<group>"; };
		F57690D2102D23E2002D2359 /* PossibleIconFileKeys.plist */ = {isa = PBXFileReference; fileEncoding = 4; lastKnownFileType = text.plist.xml; path = PossibleIconFileKeys.plist; sourceTree = "<group>"; };
		F57690D5102D2446002D2359 /* PossibleAppDisplayNameKeys.plist */ = {isa = PBXFileReference; fileEncoding = 4; lastKnownFileType = text.plist.xml; path = PossibleAppDisplayNameKeys.plist; sourceTree = "<group>"; };
		F576911C102D3264002D2359 /* Disconnected.tif */ = {isa = PBXFileReference; lastKnownFileType = image.tiff; path = Disconnected.tif; sourceTree = "<group>"; };
		F57691ED102D4184002D2359 /* AppScreenController.h */ = {isa = PBXFileReference; fileEncoding = 4; lastKnownFileType = sourcecode.c.h; path = AppScreenController.h; sourceTree = "<group>"; };
		F57691EE102D4184002D2359 /* AppScreenController.m */ = {isa = PBXFileReference; fileEncoding = 4; lastKnownFileType = sourcecode.c.objc; path = AppScreenController.m; sourceTree = "<group>"; };
		F57691F2102D429F002D2359 /* AppController.h */ = {isa = PBXFileReference; fileEncoding = 4; lastKnownFileType = sourcecode.c.h; path = AppController.h; sourceTree = "<group>"; };
		F57691F3102D429F002D2359 /* AppController.m */ = {isa = PBXFileReference; fileEncoding = 4; lastKnownFileType = sourcecode.c.objc; path = AppController.m; sourceTree = "<group>"; };
		F5D339DF1032680A00B01750 /* flipchannels.m */ = {isa = PBXFileReference; fileEncoding = 4; lastKnownFileType = sourcecode.c.objc; path = flipchannels.m; sourceTree = "<group>"; };
		F5D339E01032680A00B01750 /* PNG Fixer.h */ = {isa = PBXFileReference; fileEncoding = 4; lastKnownFileType = sourcecode.c.h; path = "PNG Fixer.h"; sourceTree = "<group>"; };
		F5D339E11032680A00B01750 /* PNG Fixer.m */ = {isa = PBXFileReference; fileEncoding = 4; lastKnownFileType = sourcecode.c.objc; path = "PNG Fixer.m"; sourceTree = "<group>"; };
		F5D339EB1032682C00B01750 /* libz.dylib */ = {isa = PBXFileReference; lastKnownFileType = "compiled.mach-o.dylib"; name = libz.dylib; path = usr/lib/libz.dylib; sourceTree = SDKROOT; };
		F5D339ED1032683B00B01750 /* libpng12.a */ = {isa = PBXFileReference; lastKnownFileType = archive.ar; path = libpng12.a; sourceTree = "<group>"; };
		F5D33AD71032780600B01750 /* sad_mac.gif */ = {isa = PBXFileReference; lastKnownFileType = image.gif; path = sad_mac.gif; sourceTree = "<group>"; };
/* End PBXFileReference section */

/* Begin PBXFrameworksBuildPhase section */
		8D11072E0486CEB800E47090 /* Frameworks */ = {
			isa = PBXFrameworksBuildPhase;
			buildActionMask = 2147483647;
			files = (
				8D11072F0486CEB800E47090 /* Cocoa.framework in Frameworks */,
				F5768F9B102CF13C002D2359 /* MobileDevice.framework in Frameworks */,
				F5769001102D0CA4002D2359 /* Quartz.framework in Frameworks */,
				F5D339EC1032682C00B01750 /* libz.dylib in Frameworks */,
				F5D339EE1032683B00B01750 /* libpng12.a in Frameworks */,
			);
			runOnlyForDeploymentPostprocessing = 0;
		};
/* End PBXFrameworksBuildPhase section */

/* Begin PBXGroup section */
		080E96DDFE201D6D7F000001 /* Classes */ = {
			isa = PBXGroup;
			children = (
				F57691F2102D429F002D2359 /* AppController.h */,
				F57691F3102D429F002D2359 /* AppController.m */,
				F57691ED102D4184002D2359 /* AppScreenController.h */,
				F57691EE102D4184002D2359 /* AppScreenController.m */,
				F5768FF6102D0C66002D2359 /* iPhoneApp.h */,
				F5768FF7102D0C66002D2359 /* iPhoneApp.m */,
				F5769064102D17F6002D2359 /* iPhoneController.h */,
				F5769065102D17F6002D2359 /* iPhoneController.m */,
			);
			name = Classes;
			sourceTree = "<group>";
		};
		1058C7A0FEA54F0111CA2CBB /* Linked Frameworks */ = {
			isa = PBXGroup;
			children = (
				F5D339ED1032683B00B01750 /* libpng12.a */,
				F5769000102D0CA4002D2359 /* Quartz.framework */,
				F5768F9A102CF13C002D2359 /* MobileDevice.framework */,
				1058C7A1FEA54F0111CA2CBB /* Cocoa.framework */,
			);
			name = "Linked Frameworks";
			sourceTree = "<group>";
		};
		1058C7A2FEA54F0111CA2CBB /* Other Frameworks */ = {
			isa = PBXGroup;
			children = (
				29B97324FDCFA39411CA2CEA /* AppKit.framework */,
				13E42FB307B3F0F600E4EEF1 /* CoreData.framework */,
				29B97325FDCFA39411CA2CEA /* Foundation.framework */,
			);
			name = "Other Frameworks";
			sourceTree = "<group>";
		};
		19C28FACFE9D520D11CA2CBB /* Products */ = {
			isa = PBXGroup;
			children = (
				8D1107320486CEB800E47090 /* Axiomatic.app */,
			);
			name = Products;
			sourceTree = "<group>";
		};
		29B97314FDCFA39411CA2CEA /* iPhone App Organizer */ = {
			isa = PBXGroup;
			children = (
				F5768F71102CEFA6002D2359 /* iPhone PNG */,
				F5768F70102CEF9D002D2359 /* AFC */,
				080E96DDFE201D6D7F000001 /* Classes */,
				29B97315FDCFA39411CA2CEA /* Other Sources */,
				29B97317FDCFA39411CA2CEA /* Resources */,
				29B97323FDCFA39411CA2CEA /* Frameworks */,
				19C28FACFE9D520D11CA2CBB /* Products */,
				F5D339EB1032682C00B01750 /* libz.dylib */,
			);
			name = "iPhone App Organizer";
			sourceTree = "<group>";
		};
		29B97315FDCFA39411CA2CEA /* Other Sources */ = {
			isa = PBXGroup;
			children = (
				32CA4F630368D1EE00C91783 /* iPhone App Organizer_Prefix.pch */,
				29B97316FDCFA39411CA2CEA /* main.m */,
			);
			name = "Other Sources";
			sourceTree = "<group>";
		};
		29B97317FDCFA39411CA2CEA /* Resources */ = {
			isa = PBXGroup;
			children = (
				F5D33AD71032780600B01750 /* sad_mac.gif */,
				8D1107310486CEB800E47090 /* Info.plist */,
				089C165CFE840E0CC02AAC07 /* InfoPlist.strings */,
				1DDD58140DA1D0A300B32029 /* MainMenu.xib */,
				F57690B8102D20F5002D2359 /* OfficialAppDisplayNames.plist */,
				F576911C102D3264002D2359 /* Disconnected.tif */,
				F57690D2102D23E2002D2359 /* PossibleIconFileKeys.plist */,
				F57690D5102D2446002D2359 /* PossibleAppDisplayNameKeys.plist */,
			);
			name = Resources;
			sourceTree = "<group>";
		};
		29B97323FDCFA39411CA2CEA /* Frameworks */ = {
			isa = PBXGroup;
			children = (
				1058C7A0FEA54F0111CA2CBB /* Linked Frameworks */,
				1058C7A2FEA54F0111CA2CBB /* Other Frameworks */,
			);
			name = Frameworks;
			sourceTree = "<group>";
		};
		F5768F70102CEF9D002D2359 /* AFC */ = {
			isa = PBXGroup;
			children = (
				F5768F8A102CF0ED002D2359 /* MobileDevice.h */,
				F5768F8B102CF0ED002D2359 /* AFCInterface.h */,
				F5768F8C102CF0ED002D2359 /* AFCInterface.m */,
				F5768F8D102CF0ED002D2359 /* AFCDevice.h */,
				F5768F8E102CF0ED002D2359 /* AFCDevice.m */,
				F5768F8F102CF0ED002D2359 /* AFCDeviceRef.h */,
				F5768F90102CF0ED002D2359 /* AFCDeviceRef.m */,
				F5768F91102CF0ED002D2359 /* AFCFactory.h */,
				F5768F92102CF0ED002D2359 /* AFCFactory.m */,
			);
			name = AFC;
			sourceTree = "<group>";
		};
		F5768F71102CEFA6002D2359 /* iPhone PNG */ = {
			isa = PBXGroup;
			children = (
				F5D339DF1032680A00B01750 /* flipchannels.m */,
				F5D339E01032680A00B01750 /* PNG Fixer.h */,
				F5D339E11032680A00B01750 /* PNG Fixer.m */,
			);
			name = "iPhone PNG";
			sourceTree = "<group>";
		};
/* End PBXGroup section */

/* Begin PBXNativeTarget section */
		8D1107260486CEB800E47090 /* Axiomatic */ = {
			isa = PBXNativeTarget;
			buildConfigurationList = C01FCF4A08A954540054247B /* Build configuration list for PBXNativeTarget "Axiomatic" */;
			buildPhases = (
				8D1107290486CEB800E47090 /* Resources */,
				8D11072C0486CEB800E47090 /* Sources */,
				8D11072E0486CEB800E47090 /* Frameworks */,
			);
			buildRules = (
			);
			dependencies = (
			);
			name = Axiomatic;
			productInstallPath = "$(HOME)/Applications";
			productName = "iPhone App Organizer";
			productReference = 8D1107320486CEB800E47090 /* Axiomatic.app */;
			productType = "com.apple.product-type.application";
		};
/* End PBXNativeTarget section */

/* Begin PBXProject section */
		29B97313FDCFA39411CA2CEA /* Project object */ = {
			isa = PBXProject;
			buildConfigurationList = C01FCF4E08A954540054247B /* Build configuration list for PBXProject "iPhone App Organizer" */;
			compatibilityVersion = "Xcode 3.1";
			hasScannedForEncodings = 1;
			mainGroup = 29B97314FDCFA39411CA2CEA /* iPhone App Organizer */;
			projectDirPath = "";
			projectRoot = "";
			targets = (
				8D1107260486CEB800E47090 /* Axiomatic */,
			);
		};
/* End PBXProject section */

/* Begin PBXResourcesBuildPhase section */
		8D1107290486CEB800E47090 /* Resources */ = {
			isa = PBXResourcesBuildPhase;
			buildActionMask = 2147483647;
			files = (
				8D11072B0486CEB800E47090 /* InfoPlist.strings in Resources */,
				1DDD58160DA1D0A300B32029 /* MainMenu.xib in Resources */,
				F57690B9102D20F5002D2359 /* OfficialAppDisplayNames.plist in Resources */,
				F57690D3102D23E2002D2359 /* PossibleIconFileKeys.plist in Resources */,
				F57690D6102D2446002D2359 /* PossibleAppDisplayNameKeys.plist in Resources */,
				F576911D102D3264002D2359 /* Disconnected.tif in Resources */,
				F5D33AD81032780600B01750 /* sad_mac.gif in Resources */,
			);
			runOnlyForDeploymentPostprocessing = 0;
		};
/* End PBXResourcesBuildPhase section */

/* Begin PBXSourcesBuildPhase section */
		8D11072C0486CEB800E47090 /* Sources */ = {
			isa = PBXSourcesBuildPhase;
			buildActionMask = 2147483647;
			files = (
				8D11072D0486CEB800E47090 /* main.m in Sources */,
				F5768F93102CF0ED002D2359 /* AFCInterface.m in Sources */,
				F5768F94102CF0ED002D2359 /* AFCDevice.m in Sources */,
				F5768F95102CF0ED002D2359 /* AFCDeviceRef.m in Sources */,
				F5768F96102CF0ED002D2359 /* AFCFactory.m in Sources */,
				F5768FF8102D0C66002D2359 /* iPhoneApp.m in Sources */,
				F5769066102D17F6002D2359 /* iPhoneController.m in Sources */,
				F57691EF102D4184002D2359 /* AppScreenController.m in Sources */,
				F57691F4102D429F002D2359 /* AppController.m in Sources */,
				F5D339E21032680A00B01750 /* flipchannels.m in Sources */,
				F5D339E31032680A00B01750 /* PNG Fixer.m in Sources */,
			);
			runOnlyForDeploymentPostprocessing = 0;
		};
/* End PBXSourcesBuildPhase section */

/* Begin PBXVariantGroup section */
		089C165CFE840E0CC02AAC07 /* InfoPlist.strings */ = {
			isa = PBXVariantGroup;
			children = (
				089C165DFE840E0CC02AAC07 /* English */,
			);
			name = InfoPlist.strings;
			sourceTree = "<group>";
		};
		1DDD58140DA1D0A300B32029 /* MainMenu.xib */ = {
			isa = PBXVariantGroup;
			children = (
				1DDD58150DA1D0A300B32029 /* English */,
			);
			name = MainMenu.xib;
			sourceTree = "<group>";
		};
/* End PBXVariantGroup section */

/* Begin XCBuildConfiguration section */
		C01FCF4B08A954540054247B /* Debug */ = {
			isa = XCBuildConfiguration;
			buildSettings = {
				ALWAYS_SEARCH_USER_PATHS = NO;
				COPY_PHASE_STRIP = NO;
				FRAMEWORK_SEARCH_PATHS = (
					"$(inherited)",
					"\"$(SYSTEM_LIBRARY_DIR)/PrivateFrameworks\"",
				);
				GCC_DYNAMIC_NO_PIC = NO;
				GCC_ENABLE_FIX_AND_CONTINUE = YES;
				GCC_MODEL_TUNING = G5;
				GCC_OPTIMIZATION_LEVEL = 0;
				GCC_PRECOMPILE_PREFIX_HEADER = YES;
				GCC_PREFIX_HEADER = "iPhone App Organizer_Prefix.pch";
				INFOPLIST_FILE = Info.plist;
				INSTALL_PATH = "$(HOME)/Applications";
				LIBRARY_SEARCH_PATHS = (
					"$(inherited)",
					"\"$(SRCROOT)\"",
				);
				PRODUCT_NAME = Axiomatic;
			};
			name = Debug;
		};
		C01FCF4C08A954540054247B /* Release */ = {
			isa = XCBuildConfiguration;
			buildSettings = {
				ALWAYS_SEARCH_USER_PATHS = NO;
				DEBUG_INFORMATION_FORMAT = "dwarf-with-dsym";
				FRAMEWORK_SEARCH_PATHS = (
					"$(inherited)",
					"\"$(SYSTEM_LIBRARY_DIR)/PrivateFrameworks\"",
				);
				GCC_MODEL_TUNING = G5;
				GCC_PRECOMPILE_PREFIX_HEADER = YES;
				GCC_PREFIX_HEADER = "iPhone App Organizer_Prefix.pch";
				INFOPLIST_FILE = Info.plist;
				INSTALL_PATH = "$(HOME)/Applications";
				LIBRARY_SEARCH_PATHS = (
					"$(inherited)",
					"\"$(SRCROOT)\"",
				);
				PRODUCT_NAME = Axiomatic;
			};
			name = Release;
		};
		C01FCF4F08A954540054247B /* Debug */ = {
			isa = XCBuildConfiguration;
			buildSettings = {
				ARCHS = "$(ARCHS_STANDARD_32_BIT)";
				GCC_C_LANGUAGE_STANDARD = c99;
				GCC_OPTIMIZATION_LEVEL = 0;
				GCC_WARN_ABOUT_RETURN_TYPE = YES;
				GCC_WARN_UNUSED_VARIABLE = YES;
				ONLY_ACTIVE_ARCH = YES;
				PREBINDING = NO;
				SDKROOT = macosx10.5;
			};
			name = Debug;
		};
		C01FCF5008A954540054247B /* Release */ = {
			isa = XCBuildConfiguration;
			buildSettings = {
				ARCHS = "$(ARCHS_STANDARD_32_BIT)";
				GCC_C_LANGUAGE_STANDARD = c99;
				GCC_WARN_ABOUT_RETURN_TYPE = YES;
				GCC_WARN_UNUSED_VARIABLE = YES;
				PREBINDING = NO;
				SDKROOT = macosx10.5;
			};
			name = Release;
		};
/* End XCBuildConfiguration section */

/* Begin XCConfigurationList section */
		C01FCF4A08A954540054247B /* Build configuration list for PBXNativeTarget "Axiomatic" */ = {
			isa = XCConfigurationList;
			buildConfigurations = (
				C01FCF4B08A954540054247B /* Debug */,
				C01FCF4C08A954540054247B /* Release */,
			);
			defaultConfigurationIsVisible = 0;
			defaultConfigurationName = Release;
		};
		C01FCF4E08A954540054247B /* Build configuration list for PBXProject "iPhone App Organizer" */ = {
			isa = XCConfigurationList;
			buildConfigurations = (
				C01FCF4F08A954540054247B /* Debug */,
				C01FCF5008A954540054247B /* Release */,
			);
			defaultConfigurationIsVisible = 0;
			defaultConfigurationName = Release;
		};
/* End XCConfigurationList section */
	};
	rootObject = 29B97313FDCFA39411CA2CEA /* Project object */;
}
